
Microsoft Visual Studio Solution File, Format Version 12.00
# Visual Studio 15
VisualStudioVersion = 15.0.28307.106
MinimumVisualStudioVersion = 10.0.40219.1
Project("{8BC9CEB8-8B4A-11D0-8D11-00A0C91BC942}") = "Knjiznica Sardina 11.01", "Knjiznica Sardina 11.01\Knjiznica Sardina 11.01.vcxproj", "{14E8B141-6F35-4365-83BD-29FB8DBDD124}"
EndProject
Global
	GlobalSection(SolutionConfigurationPlatforms) = preSolution
		Debug|x64 = Debug|x64
		Debug|x86 = Debug|x86
		Release|x64 = Release|x64
		Release|x86 = Release|x86
	EndGlobalSection
	GlobalSection(ProjectConfigurationPlatforms) = postSolution
		{14E8B141-6F35-4365-83BD-29FB8DBDD124}.Debug|x64.ActiveCfg = Debug|x64
		{14E8B141-6F35-4365-83BD-29FB8DBDD124}.Debug|x64.Build.0 = Debug|x64
		{14E8B141-6F35-4365-83BD-29FB8DBDD124}.Debug|x86.ActiveCfg = Debug|Win32
		{14E8B141-6F35-4365-83BD-29FB8DBDD124}.Debug|x86.Build.0 = Debug|Win32
		{14E8B141-6F35-4365-83BD-29FB8DBDD124}.Release|x64.ActiveCfg = Release|x64
		{14E8B141-6F35-4365-83BD-29FB8DBDD124}.Release|x64.Build.0 = Release|x64
		{14E8B141-6F35-4365-83BD-29FB8DBDD124}.Release|x86.ActiveCfg = Release|Win32
		{14E8B141-6F35-4365-83BD-29FB8DBDD124}.Release|x86.Build.0 = Release|Win32
	EndGlobalSection
	GlobalSection(SolutionProperties) = preSolution
		HideSolutionNode = FALSE
	EndGlobalSection
	GlobalSection(ExtensibilityGlobals) = postSolution
		SolutionGuid = {0F67896A-5BDD-4193-AA84-12D1991E98D0}
	EndGlobalSection
EndGlobal
